
Microsoft Visual Studio Solution File, Format Version 12.00
# Visual Studio Version 17
VisualStudioVersion = 17.4.33122.133
MinimumVisualStudioVersion = 10.0.40219.1
Project("{FAE04EC0-301F-11D3-BF4B-00C04F79EFBC}") = "LoginPasswordException", "LoginPasswordException.csproj", "{2BD2CFCC-5697-46CA-B3BC-BF8053034A28}"
EndProject
Global
	GlobalSection(SolutionConfigurationPlatforms) = preSolution
		Debug|Any CPU = Debug|Any CPU
		Release|Any CPU = Release|Any CPU
	EndGlobalSection
	GlobalSection(ProjectConfigurationPlatforms) = postSolution
		{2BD2CFCC-5697-46CA-B3BC-BF8053034A28}.Debug|Any CPU.ActiveCfg = Debug|Any CPU
		{2BD2CFCC-5697-46CA-B3BC-BF8053034A28}.Debug|Any CPU.Build.0 = Debug|Any CPU
		{2BD2CFCC-5697-46CA-B3BC-BF8053034A28}.Release|Any CPU.ActiveCfg = Release|Any CPU
		{2BD2CFCC-5697-46CA-B3BC-BF8053034A28}.Release|Any CPU.Build.0 = Release|Any CPU
	EndGlobalSection
	GlobalSection(SolutionProperties) = preSolution
		HideSolutionNode = FALSE
	EndGlobalSection
	GlobalSection(ExtensibilityGlobals) = postSolution
		SolutionGuid = {2E19D7FD-B70B-48BB-86BE-9C017E1F0CB6}
	EndGlobalSection
EndGlobal
